{
  "name": "bloid-user",
  "lockfileVersion": 2,
  "requires": true,
  "packages": {
    "": {
      "name": "bloid-user",
      "license": "ISC",
      "dependencies": {
        "linux-sys-user": "^1.1.6"
      }
    },
    "node_modules/linux-sys-user": {
      "version": "1.1.6",
      "resolved": "https://registry.npmjs.org/linux-sys-user/-/linux-sys-user-1.1.6.tgz",
      "integrity": "sha512-+JbsBLk/9RTQrkRlpHwO/bObLTUr3z2afbAc6dKz5OfwbWG+IeKVZYRRYYlPSfw/IZYkbrh5KCd7PsW37NQxEA=="
    }
  },
  "dependencies": {
    "linux-sys-user": {
      "version": "1.1.6",
      "resolved": "https://registry.npmjs.org/linux-sys-user/-/linux-sys-user-1.1.6.tgz",
      "integrity": "sha512-+JbsBLk/9RTQrkRlpHwO/bObLTUr3z2afbAc6dKz5OfwbWG+IeKVZYRRYYlPSfw/IZYkbrh5KCd7PsW37NQxEA=="
    }
  }
}
