{
  "name": "bloid-core",
  "version": "0.0.2-alpha.0",
  "lockfileVersion": 2,
  "requires": true,
  "packages": {
    "": {
      "name": "bloid-core",
      "version": "0.0.2-alpha.0",
      "license": "ISC",
      "dependencies": {
        "bloid-commander": "^0.0.1-alpha.0",
        "bloid-config": "^0.0.1-alpha.0",
        "bloid-data": "^0.0.1-alpha.0",
        "bloid-filesystem": "^0.0.1-alpha.0",
        "bloid-template": "^0.0.1-alpha.0"
      }
    },
    "../bloid-commander": {
      "version": "0.0.1-alpha.0",
      "license": "ISC",
      "dependencies": {
        "bloid-template": "^0.0.1-alpha.0",
        "commander": "^9.3.0"
      }
    },
    "../bloid-commander/node_modules/bloid-template": {
      "resolved": "../bloid-template",
      "link": true
    },
    "../bloid-config": {
      "version": "0.0.1-alpha.0",
      "license": "ISC",
      "dependencies": {
        "bloid-template": "^0.0.1-alpha.0"
      }
    },
    "../bloid-config/node_modules/bloid-template": {
      "resolved": "../bloid-template",
      "link": true
    },
    "../bloid-data": {
      "version": "0.0.1-alpha.0",
      "license": "ISC",
      "dependencies": {
        "bloid-template": "^0.0.1-alpha.0"
      }
    },
    "../bloid-data/node_modules/bloid-template": {
      "resolved": "../bloid-template",
      "link": true
    },
    "../bloid-filesystem": {
      "version": "0.0.1-alpha.0",
      "license": "ISC",
      "dependencies": {
        "bloid-template": "^0.0.1-alpha.0"
      }
    },
    "../bloid-filesystem/node_modules/bloid-template": {
      "resolved": "../bloid-template",
      "link": true
    },
    "../bloid-template": {
      "version": "0.0.1-alpha.0",
      "license": "ISC",
      "dependencies": {
        "uuid": "^8.3.2"
      }
    },
    "node_modules/bloid-commander": {
      "resolved": "../bloid-commander",
      "link": true
    },
    "node_modules/bloid-config": {
      "resolved": "../bloid-config",
      "link": true
    },
    "node_modules/bloid-data": {
      "resolved": "../bloid-data",
      "link": true
    },
    "node_modules/bloid-filesystem": {
      "resolved": "../bloid-filesystem",
      "link": true
    },
    "node_modules/bloid-template": {
      "resolved": "../bloid-template",
      "link": true
    }
  },
  "dependencies": {
    "bloid-commander": {
      "version": "file:../bloid-commander",
      "requires": {
        "bloid-template": "^0.0.1-alpha.0",
        "commander": "^9.3.0"
      },
      "dependencies": {
        "bloid-template": {
          "version": "file:../bloid-template",
          "requires": {
            "uuid": "^8.3.2"
          }
        }
      }
    },
    "bloid-config": {
      "version": "file:../bloid-config",
      "requires": {
        "bloid-template": "^0.0.1-alpha.0"
      },
      "dependencies": {
        "bloid-template": {
          "version": "file:../bloid-template",
          "requires": {
            "uuid": "^8.3.2"
          }
        }
      }
    },
    "bloid-data": {
      "version": "file:../bloid-data",
      "requires": {
        "bloid-template": "^0.0.1-alpha.0"
      },
      "dependencies": {
        "bloid-template": {
          "version": "file:../bloid-template",
          "requires": {
            "uuid": "^8.3.2"
          }
        }
      }
    },
    "bloid-filesystem": {
      "version": "file:../bloid-filesystem",
      "requires": {
        "bloid-template": "^0.0.1-alpha.0"
      },
      "dependencies": {
        "bloid-template": {
          "version": "file:../bloid-template",
          "requires": {
            "uuid": "^8.3.2"
          }
        }
      }
    },
    "bloid-template": {
      "version": "file:../bloid-template",
      "requires": {
        "uuid": "^8.3.2"
      }
    }
  }
}
