{
  "name": "bloid-core",
  "lockfileVersion": 2,
  "requires": true,
  "packages": {
    "": {
      "name": "bloid-core",
      "license": "ISC",
      "dependencies": {
        "bloid-commander": "*",
        "bloid-data": "*",
        "bloid-filesystem": "*",
        "bloid-server": "*",
        "bloid-template": "*"
      },
      "version": "0.0.0"
    },
    "../bloid-commander": {
      "license": "ISC",
      "dependencies": {
        "bloid-template": "*",
        "commander": "^9.3.0"
      }
    },
    "../bloid-commander/node_modules/bloid-template": {
      "resolved": "../bloid-template",
      "link": true
    },
    "../bloid-data": {
      "license": "ISC",
      "dependencies": {
        "bloid-template": "*"
      }
    },
    "../bloid-data/node_modules/bloid-template": {
      "resolved": "../bloid-template",
      "link": true
    },
    "../bloid-filesystem": {
      "license": "ISC",
      "dependencies": {
        "bloid-template": "*",
        "file-type": "^17.1.2"
      }
    },
    "../bloid-filesystem/node_modules/bloid-template": {
      "resolved": "../bloid-template",
      "link": true
    },
    "../bloid-realtime": {
      "license": "ISC",
      "dependencies": {
        "bloid-template": "*",
        "express": "^4.18.1",
        "socket.io": "^4.5.1"
      }
    },
    "../bloid-realtime/node_modules/bloid-template": {
      "resolved": "../bloid-template",
      "link": true
    },
    "../bloid-server": {
      "license": "ISC",
      "dependencies": {
        "bloid-realtime": "*",
        "bloid-template": "*",
        "open": "^8.4.0"
      }
    },
    "../bloid-server/node_modules/bloid-realtime": {
      "resolved": "../bloid-realtime",
      "link": true
    },
    "../bloid-server/node_modules/bloid-template": {
      "resolved": "../bloid-template",
      "link": true
    },
    "../bloid-template": {
      "license": "ISC",
      "dependencies": {
        "uuid": "^8.3.2"
      }
    },
    "node_modules/bloid-commander": {
      "resolved": "../bloid-commander",
      "link": true
    },
    "node_modules/bloid-data": {
      "resolved": "../bloid-data",
      "link": true
    },
    "node_modules/bloid-filesystem": {
      "resolved": "../bloid-filesystem",
      "link": true
    },
    "node_modules/bloid-server": {
      "resolved": "../bloid-server",
      "link": true
    },
    "node_modules/bloid-template": {
      "resolved": "../bloid-template",
      "link": true
    }
  },
  "dependencies": {
    "bloid-commander": {
      "version": "file:../bloid-commander",
      "requires": {
        "bloid-template": "*",
        "commander": "^9.3.0"
      },
      "dependencies": {
        "bloid-template": {
          "version": "file:../bloid-template",
          "requires": {
            "uuid": "^8.3.2"
          }
        }
      }
    },
    "bloid-data": {
      "version": "file:../bloid-data",
      "requires": {
        "bloid-template": "*"
      },
      "dependencies": {
        "bloid-template": {
          "version": "file:../bloid-template",
          "requires": {
            "uuid": "^8.3.2"
          }
        }
      }
    },
    "bloid-filesystem": {
      "version": "file:../bloid-filesystem",
      "requires": {
        "bloid-template": "*",
        "file-type": "^17.1.2"
      },
      "dependencies": {
        "bloid-template": {
          "version": "file:../bloid-template",
          "requires": {
            "uuid": "^8.3.2"
          }
        }
      }
    },
    "bloid-server": {
      "version": "file:../bloid-server",
      "requires": {
        "bloid-realtime": "*",
        "bloid-template": "*",
        "open": "^8.4.0"
      },
      "dependencies": {
        "bloid-realtime": {
          "version": "file:../bloid-realtime",
          "requires": {
            "bloid-template": "*",
            "express": "^4.18.1",
            "socket.io": "^4.5.1"
          },
          "dependencies": {
            "bloid-template": {
              "version": "file:../bloid-template",
              "requires": {
                "uuid": "^8.3.2"
              }
            }
          }
        },
        "bloid-template": {
          "version": "file:../bloid-template",
          "requires": {
            "uuid": "^8.3.2"
          }
        }
      }
    },
    "bloid-template": {
      "version": "file:../bloid-template",
      "requires": {
        "uuid": "^8.3.2"
      }
    }
  },
  "version": "0.0.0"
}
